
Microsoft Visual Studio Solution File, Format Version 12.00
# Visual Studio Version 17
VisualStudioVersion = 17.9.34607.119
MinimumVisualStudioVersion = 10.0.40219.1
Project("{FAE04EC0-301F-11D3-BF4B-00C04F79EFBC}") = "EF.oefening.04", "EF.oefening.04\EF.oefening.04.csproj", "{AAFDCA07-767D-4C2C-99AB-909080D99AE2}"
EndProject
Global
	GlobalSection(SolutionConfigurationPlatforms) = preSolution
		Debug|Any CPU = Debug|Any CPU
		Release|Any CPU = Release|Any CPU
	EndGlobalSection
	GlobalSection(ProjectConfigurationPlatforms) = postSolution
		{AAFDCA07-767D-4C2C-99AB-909080D99AE2}.Debug|Any CPU.ActiveCfg = Debug|Any CPU
		{AAFDCA07-767D-4C2C-99AB-909080D99AE2}.Debug|Any CPU.Build.0 = Debug|Any CPU
		{AAFDCA07-767D-4C2C-99AB-909080D99AE2}.Release|Any CPU.ActiveCfg = Release|Any CPU
		{AAFDCA07-767D-4C2C-99AB-909080D99AE2}.Release|Any CPU.Build.0 = Release|Any CPU
	EndGlobalSection
	GlobalSection(SolutionProperties) = preSolution
		HideSolutionNode = FALSE
	EndGlobalSection
	GlobalSection(ExtensibilityGlobals) = postSolution
		SolutionGuid = {37D16116-5E5A-4D30-87ED-6DC6C8A7FB6C}
	EndGlobalSection
EndGlobal
